// !$*UTF8*$!
{
	archiveVersion = 1;
	classes = {
	};
	objectVersion = 56;
	objects = {

/* Begin PBXBuildFile section */
		B3FC7D5E2AC1B8850025B034 /* WeatherTopView.swift in Sources */ = {isa = PBXBuildFile; fileRef = B3FC7D5D2AC1B8850025B034 /* WeatherTopView.swift */; };
		C39418182AC2B824000066DE /* Forecast5days.swift in Sources */ = {isa = PBXBuildFile; fileRef = C39418172AC2B824000066DE /* Forecast5days.swift */; };
		C3F9E5E12AC19B5500B39E7E /* Weather.swift in Sources */ = {isa = PBXBuildFile; fileRef = C3F9E5E02AC19B5500B39E7E /* Weather.swift */; };
		C3F9E5E72AC1AF7600B39E7E /* APIString.swift in Sources */ = {isa = PBXBuildFile; fileRef = C3F9E5E62AC1AF7600B39E7E /* APIString.swift */; };
		D12626052AC3CEF6004C83AF /* SearchListCell.swift in Sources */ = {isa = PBXBuildFile; fileRef = D12626042AC3CEF6004C83AF /* SearchListCell.swift */; };
		D16251022ACAD0ED00C1B611 /* Extensions+Date.swift in Sources */ = {isa = PBXBuildFile; fileRef = D16251012ACAD0ED00C1B611 /* Extensions+Date.swift */; };
		D191C9AF2AC2E03800241366 /* Extensions+Double.swift in Sources */ = {isa = PBXBuildFile; fileRef = D191C9AE2AC2E03800241366 /* Extensions+Double.swift */; };
		EB2FF6672AC156F3004A3D79 /* AppDelegate.swift in Sources */ = {isa = PBXBuildFile; fileRef = EB2FF6662AC156F3004A3D79 /* AppDelegate.swift */; };
		EB2FF6692AC156F3004A3D79 /* SceneDelegate.swift in Sources */ = {isa = PBXBuildFile; fileRef = EB2FF6682AC156F3004A3D79 /* SceneDelegate.swift */; };
		EB2FF66B2AC156F3004A3D79 /* MyLocationWeatherController.swift in Sources */ = {isa = PBXBuildFile; fileRef = EB2FF66A2AC156F3004A3D79 /* MyLocationWeatherController.swift */; };
		EB2FF6702AC156F5004A3D79 /* Assets.xcassets in Resources */ = {isa = PBXBuildFile; fileRef = EB2FF66F2AC156F5004A3D79 /* Assets.xcassets */; };
		EB2FF6732AC156F5004A3D79 /* LaunchScreen.storyboard in Resources */ = {isa = PBXBuildFile; fileRef = EB2FF6712AC156F5004A3D79 /* LaunchScreen.storyboard */; };
		EB2FF6802AC1578A004A3D79 /* Extensions.swift in Sources */ = {isa = PBXBuildFile; fileRef = EB2FF67F2AC1578A004A3D79 /* Extensions.swift */; };
		EB2FF6822AC157B4004A3D79 /* Networking.swift in Sources */ = {isa = PBXBuildFile; fileRef = EB2FF6812AC157B4004A3D79 /* Networking.swift */; };
		EB2FF6842AC1587D004A3D79 /* MapViewController.swift in Sources */ = {isa = PBXBuildFile; fileRef = EB2FF6832AC1587D004A3D79 /* MapViewController.swift */; };
		EB2FF6862AC15899004A3D79 /* WeatherListViewController.swift in Sources */ = {isa = PBXBuildFile; fileRef = EB2FF6852AC15899004A3D79 /* WeatherListViewController.swift */; };
		EB2FF6882AC1593D004A3D79 /* WeatherUnitViewController.swift in Sources */ = {isa = PBXBuildFile; fileRef = EB2FF6872AC1593D004A3D79 /* WeatherUnitViewController.swift */; };
		EB2FF68F2AC15BE2004A3D79 /* SnapKit in Frameworks */ = {isa = PBXBuildFile; productRef = EB2FF68E2AC15BE2004A3D79 /* SnapKit */; };
		EB2FF6942AC15BF2004A3D79 /* Then in Frameworks */ = {isa = PBXBuildFile; productRef = EB2FF6932AC15BF2004A3D79 /* Then */; };
		EB2FF6972AC15C3D004A3D79 /* Kingfisher in Frameworks */ = {isa = PBXBuildFile; productRef = EB2FF6962AC15C3D004A3D79 /* Kingfisher */; };
		EB2FF69B2AC15FF8004A3D79 /* WeatherListCell.swift in Sources */ = {isa = PBXBuildFile; fileRef = EB2FF69A2AC15FF8004A3D79 /* WeatherListCell.swift */; };
		EB2FF69D2AC1600A004A3D79 /* WeatherTableViewCell.swift in Sources */ = {isa = PBXBuildFile; fileRef = EB2FF69C2AC1600A004A3D79 /* WeatherTableViewCell.swift */; };
		EB2FF69F2AC1601D004A3D79 /* WeatherCollectionViewCell.swift in Sources */ = {isa = PBXBuildFile; fileRef = EB2FF69E2AC1601D004A3D79 /* WeatherCollectionViewCell.swift */; };
		EB8D6AF02AC3C1A000DFD6E1 /* SearchViewController.swift in Sources */ = {isa = PBXBuildFile; fileRef = EB8D6AEF2AC3C1A000DFD6E1 /* SearchViewController.swift */; };
		EB8D6AF22AC3F90500DFD6E1 /* WeatherMiddleView.swift in Sources */ = {isa = PBXBuildFile; fileRef = EB8D6AF12AC3F90500DFD6E1 /* WeatherMiddleView.swift */; };
		F1B5277C2B81C3E900E0D21B /* MyLocationWeatherViewModel.swift in Sources */ = {isa = PBXBuildFile; fileRef = F1B5277B2B81C3E900E0D21B /* MyLocationWeatherViewModel.swift */; };
		F1B527802B81E58600E0D21B /* BottomNavigationView.swift in Sources */ = {isa = PBXBuildFile; fileRef = F1B5277F2B81E58600E0D21B /* BottomNavigationView.swift */; };
		F92CFEBE2AC313DE002B1428 /* MainWeatherViewController.swift in Sources */ = {isa = PBXBuildFile; fileRef = F92CFEBD2AC313DE002B1428 /* MainWeatherViewController.swift */; };
		F9DD0F982AC29E930032B4B8 /* WeatherBottomView.swift in Sources */ = {isa = PBXBuildFile; fileRef = F9DD0F972AC29E930032B4B8 /* WeatherBottomView.swift */; };
/* End PBXBuildFile section */

/* Begin PBXFileReference section */
		B3FC7D5D2AC1B8850025B034 /* WeatherTopView.swift */ = {isa = PBXFileReference; lastKnownFileType = sourcecode.swift; path = WeatherTopView.swift; sourceTree = "<group>"; };
		C39418172AC2B824000066DE /* Forecast5days.swift */ = {isa = PBXFileReference; lastKnownFileType = sourcecode.swift; path = Forecast5days.swift; sourceTree = "<group>"; };
		C3F9E5E02AC19B5500B39E7E /* Weather.swift */ = {isa = PBXFileReference; lastKnownFileType = sourcecode.swift; path = Weather.swift; sourceTree = "<group>"; };
		C3F9E5E62AC1AF7600B39E7E /* APIString.swift */ = {isa = PBXFileReference; lastKnownFileType = sourcecode.swift; path = APIString.swift; sourceTree = "<group>"; };
		D12626042AC3CEF6004C83AF /* SearchListCell.swift */ = {isa = PBXFileReference; lastKnownFileType = sourcecode.swift; path = SearchListCell.swift; sourceTree = "<group>"; };
		D16251012ACAD0ED00C1B611 /* Extensions+Date.swift */ = {isa = PBXFileReference; lastKnownFileType = sourcecode.swift; path = "Extensions+Date.swift"; sourceTree = "<group>"; };
		D191C9AE2AC2E03800241366 /* Extensions+Double.swift */ = {isa = PBXFileReference; lastKnownFileType = sourcecode.swift; path = "Extensions+Double.swift"; sourceTree = "<group>"; };
		EB2FF6632AC156F3004A3D79 /* WeatherX-Project.app */ = {isa = PBXFileReference; explicitFileType = wrapper.application; includeInIndex = 0; path = "WeatherX-Project.app"; sourceTree = BUILT_PRODUCTS_DIR; };
		EB2FF6662AC156F3004A3D79 /* AppDelegate.swift */ = {isa = PBXFileReference; lastKnownFileType = sourcecode.swift; path = AppDelegate.swift; sourceTree = "<group>"; };
		EB2FF6682AC156F3004A3D79 /* SceneDelegate.swift */ = {isa = PBXFileReference; lastKnownFileType = sourcecode.swift; path = SceneDelegate.swift; sourceTree = "<group>"; };
		EB2FF66A2AC156F3004A3D79 /* MyLocationWeatherController.swift */ = {isa = PBXFileReference; lastKnownFileType = sourcecode.swift; path = MyLocationWeatherController.swift; sourceTree = "<group>"; };
		EB2FF66F2AC156F5004A3D79 /* Assets.xcassets */ = {isa = PBXFileReference; lastKnownFileType = folder.assetcatalog; path = Assets.xcassets; sourceTree = "<group>"; };
		EB2FF6722AC156F5004A3D79 /* Base */ = {isa = PBXFileReference; lastKnownFileType = file.storyboard; name = Base; path = Base.lproj/LaunchScreen.storyboard; sourceTree = "<group>"; };
		EB2FF6742AC156F5004A3D79 /* Info.plist */ = {isa = PBXFileReference; lastKnownFileType = text.plist.xml; path = Info.plist; sourceTree = "<group>"; };
		EB2FF67F2AC1578A004A3D79 /* Extensions.swift */ = {isa = PBXFileReference; lastKnownFileType = sourcecode.swift; path = Extensions.swift; sourceTree = "<group>"; };
		EB2FF6812AC157B4004A3D79 /* Networking.swift */ = {isa = PBXFileReference; lastKnownFileType = sourcecode.swift; path = Networking.swift; sourceTree = "<group>"; };
		EB2FF6832AC1587D004A3D79 /* MapViewController.swift */ = {isa = PBXFileReference; lastKnownFileType = sourcecode.swift; path = MapViewController.swift; sourceTree = "<group>"; };
		EB2FF6852AC15899004A3D79 /* WeatherListViewController.swift */ = {isa = PBXFileReference; lastKnownFileType = sourcecode.swift; path = WeatherListViewController.swift; sourceTree = "<group>"; };
		EB2FF6872AC1593D004A3D79 /* WeatherUnitViewController.swift */ = {isa = PBXFileReference; lastKnownFileType = sourcecode.swift; path = WeatherUnitViewController.swift; sourceTree = "<group>"; };
		EB2FF69A2AC15FF8004A3D79 /* WeatherListCell.swift */ = {isa = PBXFileReference; lastKnownFileType = sourcecode.swift; path = WeatherListCell.swift; sourceTree = "<group>"; };
		EB2FF69C2AC1600A004A3D79 /* WeatherTableViewCell.swift */ = {isa = PBXFileReference; lastKnownFileType = sourcecode.swift; path = WeatherTableViewCell.swift; sourceTree = "<group>"; };
		EB2FF69E2AC1601D004A3D79 /* WeatherCollectionViewCell.swift */ = {isa = PBXFileReference; lastKnownFileType = sourcecode.swift; path = WeatherCollectionViewCell.swift; sourceTree = "<group>"; };
		EB8D6AEF2AC3C1A000DFD6E1 /* SearchViewController.swift */ = {isa = PBXFileReference; lastKnownFileType = sourcecode.swift; path = SearchViewController.swift; sourceTree = "<group>"; };
		EB8D6AF12AC3F90500DFD6E1 /* WeatherMiddleView.swift */ = {isa = PBXFileReference; lastKnownFileType = sourcecode.swift; path = WeatherMiddleView.swift; sourceTree = "<group>"; };
		F1B5277B2B81C3E900E0D21B /* MyLocationWeatherViewModel.swift */ = {isa = PBXFileReference; lastKnownFileType = sourcecode.swift; path = MyLocationWeatherViewModel.swift; sourceTree = "<group>"; };
		F1B5277F2B81E58600E0D21B /* BottomNavigationView.swift */ = {isa = PBXFileReference; lastKnownFileType = sourcecode.swift; path = BottomNavigationView.swift; sourceTree = "<group>"; };
		F92CFEBD2AC313DE002B1428 /* MainWeatherViewController.swift */ = {isa = PBXFileReference; lastKnownFileType = sourcecode.swift; path = MainWeatherViewController.swift; sourceTree = "<group>"; };
		F9DD0F972AC29E930032B4B8 /* WeatherBottomView.swift */ = {isa = PBXFileReference; lastKnownFileType = sourcecode.swift; path = WeatherBottomView.swift; sourceTree = "<group>"; };
/* End PBXFileReference section */

/* Begin PBXFrameworksBuildPhase section */
		EB2FF6602AC156F3004A3D79 /* Frameworks */ = {
			isa = PBXFrameworksBuildPhase;
			buildActionMask = 2147483647;
			files = (
				EB2FF6972AC15C3D004A3D79 /* Kingfisher in Frameworks */,
				EB2FF68F2AC15BE2004A3D79 /* SnapKit in Frameworks */,
				EB2FF6942AC15BF2004A3D79 /* Then in Frameworks */,
			);
			runOnlyForDeploymentPostprocessing = 0;
		};
/* End PBXFrameworksBuildPhase section */

/* Begin PBXGroup section */
		EB2FF65A2AC156F3004A3D79 = {
			isa = PBXGroup;
			children = (
				EB2FF6652AC156F3004A3D79 /* WeatherX-Project */,
				EB2FF6642AC156F3004A3D79 /* Products */,
			);
			sourceTree = "<group>";
		};
		EB2FF6642AC156F3004A3D79 /* Products */ = {
			isa = PBXGroup;
			children = (
				EB2FF6632AC156F3004A3D79 /* WeatherX-Project.app */,
			);
			name = Products;
			sourceTree = "<group>";
		};
		EB2FF6652AC156F3004A3D79 /* WeatherX-Project */ = {
			isa = PBXGroup;
			children = (
				EB2FF6712AC156F5004A3D79 /* LaunchScreen.storyboard */,
				EB2FF6742AC156F5004A3D79 /* Info.plist */,
				EB2FF67D2AC1575B004A3D79 /* Resources */,
				EB2FF67E2AC15766004A3D79 /* Helpers */,
				EB2FF67A2AC15743004A3D79 /* Models */,
				EB2FF67B2AC15749004A3D79 /* Views */,
				F1B5277A2B81C35600E0D21B /* ViewModels */,
			);
			path = "WeatherX-Project";
			sourceTree = "<group>";
		};
		EB2FF67A2AC15743004A3D79 /* Models */ = {
			isa = PBXGroup;
			children = (
				EB2FF6812AC157B4004A3D79 /* Networking.swift */,
				C3F9E5E02AC19B5500B39E7E /* Weather.swift */,
				C39418172AC2B824000066DE /* Forecast5days.swift */,
			);
			path = Models;
			sourceTree = "<group>";
		};
		EB2FF67B2AC15749004A3D79 /* Views */ = {
			isa = PBXGroup;
			children = (
				B3FC7D5D2AC1B8850025B034 /* WeatherTopView.swift */,
				EB8D6AF12AC3F90500DFD6E1 /* WeatherMiddleView.swift */,
				F9DD0F972AC29E930032B4B8 /* WeatherBottomView.swift */,
				F1B5277F2B81E58600E0D21B /* BottomNavigationView.swift */,
				EB2FF67C2AC1574D004A3D79 /* Controllers */,
				EB2FF6892AC15948004A3D79 /* Cell */,
			);
			path = Views;
			sourceTree = "<group>";
		};
		EB2FF67C2AC1574D004A3D79 /* Controllers */ = {
			isa = PBXGroup;
			children = (
				F92CFEBD2AC313DE002B1428 /* MainWeatherViewController.swift */,
				EB2FF66A2AC156F3004A3D79 /* MyLocationWeatherController.swift */,
				EB2FF6832AC1587D004A3D79 /* MapViewController.swift */,
				EB2FF6852AC15899004A3D79 /* WeatherListViewController.swift */,
				EB8D6AEF2AC3C1A000DFD6E1 /* SearchViewController.swift */,
				EB2FF6872AC1593D004A3D79 /* WeatherUnitViewController.swift */,
			);
			path = Controllers;
			sourceTree = "<group>";
		};
		EB2FF67D2AC1575B004A3D79 /* Resources */ = {
			isa = PBXGroup;
			children = (
				EB2FF66F2AC156F5004A3D79 /* Assets.xcassets */,
			);
			path = Resources;
			sourceTree = "<group>";
		};
		EB2FF67E2AC15766004A3D79 /* Helpers */ = {
			isa = PBXGroup;
			children = (
				EB2FF6662AC156F3004A3D79 /* AppDelegate.swift */,
				EB2FF6682AC156F3004A3D79 /* SceneDelegate.swift */,
				EB2FF67F2AC1578A004A3D79 /* Extensions.swift */,
				C3F9E5E62AC1AF7600B39E7E /* APIString.swift */,
				D191C9AE2AC2E03800241366 /* Extensions+Double.swift */,
				D16251012ACAD0ED00C1B611 /* Extensions+Date.swift */,
			);
			path = Helpers;
			sourceTree = "<group>";
		};
		EB2FF6892AC15948004A3D79 /* Cell */ = {
			isa = PBXGroup;
			children = (
				EB2FF69A2AC15FF8004A3D79 /* WeatherListCell.swift */,
				EB2FF69C2AC1600A004A3D79 /* WeatherTableViewCell.swift */,
				EB2FF69E2AC1601D004A3D79 /* WeatherCollectionViewCell.swift */,
				D12626042AC3CEF6004C83AF /* SearchListCell.swift */,
			);
			path = Cell;
			sourceTree = "<group>";
		};
		F1B5277A2B81C35600E0D21B /* ViewModels */ = {
			isa = PBXGroup;
			children = (
				F1B5277B2B81C3E900E0D21B /* MyLocationWeatherViewModel.swift */,
			);
			path = ViewModels;
			sourceTree = "<group>";
		};
/* End PBXGroup section */

/* Begin PBXNativeTarget section */
		EB2FF6622AC156F3004A3D79 /* WeatherX-Project */ = {
			isa = PBXNativeTarget;
			buildConfigurationList = EB2FF6772AC156F5004A3D79 /* Build configuration list for PBXNativeTarget "WeatherX-Project" */;
			buildPhases = (
				EB2FF65F2AC156F3004A3D79 /* Sources */,
				EB2FF6602AC156F3004A3D79 /* Frameworks */,
				EB2FF6612AC156F3004A3D79 /* Resources */,
			);
			buildRules = (
			);
			dependencies = (
			);
			name = "WeatherX-Project";
			packageProductDependencies = (
				EB2FF68E2AC15BE2004A3D79 /* SnapKit */,
				EB2FF6932AC15BF2004A3D79 /* Then */,
				EB2FF6962AC15C3D004A3D79 /* Kingfisher */,
			);
			productName = "WeatherX-Project";
			productReference = EB2FF6632AC156F3004A3D79 /* WeatherX-Project.app */;
			productType = "com.apple.product-type.application";
		};
/* End PBXNativeTarget section */

/* Begin PBXProject section */
		EB2FF65B2AC156F3004A3D79 /* Project object */ = {
			isa = PBXProject;
			attributes = {
				BuildIndependentTargetsInParallel = 1;
				LastSwiftUpdateCheck = 1500;
				LastUpgradeCheck = 1500;
				TargetAttributes = {
					EB2FF6622AC156F3004A3D79 = {
						CreatedOnToolsVersion = 15.0;
					};
				};
			};
			buildConfigurationList = EB2FF65E2AC156F3004A3D79 /* Build configuration list for PBXProject "WeatherX-Project" */;
			compatibilityVersion = "Xcode 14.0";
			developmentRegion = en;
			hasScannedForEncodings = 0;
			knownRegions = (
				en,
				Base,
			);
			mainGroup = EB2FF65A2AC156F3004A3D79;
			packageReferences = (
				EB2FF68D2AC15BE2004A3D79 /* XCRemoteSwiftPackageReference "SnapKit" */,
				EB2FF6922AC15BF2004A3D79 /* XCRemoteSwiftPackageReference "Then" */,
				EB2FF6952AC15C3D004A3D79 /* XCRemoteSwiftPackageReference "Kingfisher" */,
			);
			productRefGroup = EB2FF6642AC156F3004A3D79 /* Products */;
			projectDirPath = "";
			projectRoot = "";
			targets = (
				EB2FF6622AC156F3004A3D79 /* WeatherX-Project */,
			);
		};
/* End PBXProject section */

/* Begin PBXResourcesBuildPhase section */
		EB2FF6612AC156F3004A3D79 /* Resources */ = {
			isa = PBXResourcesBuildPhase;
			buildActionMask = 2147483647;
			files = (
				EB2FF6732AC156F5004A3D79 /* LaunchScreen.storyboard in Resources */,
				EB2FF6702AC156F5004A3D79 /* Assets.xcassets in Resources */,
			);
			runOnlyForDeploymentPostprocessing = 0;
		};
/* End PBXResourcesBuildPhase section */

/* Begin PBXSourcesBuildPhase section */
		EB2FF65F2AC156F3004A3D79 /* Sources */ = {
			isa = PBXSourcesBuildPhase;
			buildActionMask = 2147483647;
			files = (
				EB2FF69D2AC1600A004A3D79 /* WeatherTableViewCell.swift in Sources */,
				D12626052AC3CEF6004C83AF /* SearchListCell.swift in Sources */,
				EB2FF66B2AC156F3004A3D79 /* MyLocationWeatherController.swift in Sources */,
				F9DD0F982AC29E930032B4B8 /* WeatherBottomView.swift in Sources */,
				EB2FF6882AC1593D004A3D79 /* WeatherUnitViewController.swift in Sources */,
				F1B527802B81E58600E0D21B /* BottomNavigationView.swift in Sources */,
				EB8D6AF02AC3C1A000DFD6E1 /* SearchViewController.swift in Sources */,
				D16251022ACAD0ED00C1B611 /* Extensions+Date.swift in Sources */,
				EB8D6AF22AC3F90500DFD6E1 /* WeatherMiddleView.swift in Sources */,
				EB2FF6842AC1587D004A3D79 /* MapViewController.swift in Sources */,
				EB2FF6822AC157B4004A3D79 /* Networking.swift in Sources */,
				C3F9E5E72AC1AF7600B39E7E /* APIString.swift in Sources */,
				C39418182AC2B824000066DE /* Forecast5days.swift in Sources */,
				EB2FF69B2AC15FF8004A3D79 /* WeatherListCell.swift in Sources */,
				C3F9E5E12AC19B5500B39E7E /* Weather.swift in Sources */,
				F92CFEBE2AC313DE002B1428 /* MainWeatherViewController.swift in Sources */,
				EB2FF6672AC156F3004A3D79 /* AppDelegate.swift in Sources */,
				EB2FF6692AC156F3004A3D79 /* SceneDelegate.swift in Sources */,
				EB2FF6802AC1578A004A3D79 /* Extensions.swift in Sources */,
				D191C9AF2AC2E03800241366 /* Extensions+Double.swift in Sources */,
				B3FC7D5E2AC1B8850025B034 /* WeatherTopView.swift in Sources */,
				EB2FF69F2AC1601D004A3D79 /* WeatherCollectionViewCell.swift in Sources */,
				F1B5277C2B81C3E900E0D21B /* MyLocationWeatherViewModel.swift in Sources */,
				EB2FF6862AC15899004A3D79 /* WeatherListViewController.swift in Sources */,
			);
			runOnlyForDeploymentPostprocessing = 0;
		};
/* End PBXSourcesBuildPhase section */

/* Begin PBXVariantGroup section */
		EB2FF6712AC156F5004A3D79 /* LaunchScreen.storyboard */ = {
			isa = PBXVariantGroup;
			children = (
				EB2FF6722AC156F5004A3D79 /* Base */,
			);
			name = LaunchScreen.storyboard;
			sourceTree = "<group>";
		};
/* End PBXVariantGroup section */

/* Begin XCBuildConfiguration section */
		EB2FF6752AC156F5004A3D79 /* Debug */ = {
			isa = XCBuildConfiguration;
			buildSettings = {
				ALWAYS_SEARCH_USER_PATHS = NO;
				ASSETCATALOG_COMPILER_GENERATE_SWIFT_ASSET_SYMBOL_EXTENSIONS = YES;
				CLANG_ANALYZER_NONNULL = YES;
				CLANG_ANALYZER_NUMBER_OBJECT_CONVERSION = YES_AGGRESSIVE;
				CLANG_CXX_LANGUAGE_STANDARD = "gnu++20";
				CLANG_ENABLE_MODULES = YES;
				CLANG_ENABLE_OBJC_ARC = YES;
				CLANG_ENABLE_OBJC_WEAK = YES;
				CLANG_WARN_BLOCK_CAPTURE_AUTORELEASING = YES;
				CLANG_WARN_BOOL_CONVERSION = YES;
				CLANG_WARN_COMMA = YES;
				CLANG_WARN_CONSTANT_CONVERSION = YES;
				CLANG_WARN_DEPRECATED_OBJC_IMPLEMENTATIONS = YES;
				CLANG_WARN_DIRECT_OBJC_ISA_USAGE = YES_ERROR;
				CLANG_WARN_DOCUMENTATION_COMMENTS = YES;
				CLANG_WARN_EMPTY_BODY = YES;
				CLANG_WARN_ENUM_CONVERSION = YES;
				CLANG_WARN_INFINITE_RECURSION = YES;
				CLANG_WARN_INT_CONVERSION = YES;
				CLANG_WARN_NON_LITERAL_NULL_CONVERSION = YES;
				CLANG_WARN_OBJC_IMPLICIT_RETAIN_SELF = YES;
				CLANG_WARN_OBJC_LITERAL_CONVERSION = YES;
				CLANG_WARN_OBJC_ROOT_CLASS = YES_ERROR;
				CLANG_WARN_QUOTED_INCLUDE_IN_FRAMEWORK_HEADER = YES;
				CLANG_WARN_RANGE_LOOP_ANALYSIS = YES;
				CLANG_WARN_STRICT_PROTOTYPES = YES;
				CLANG_WARN_SUSPICIOUS_MOVE = YES;
				CLANG_WARN_UNGUARDED_AVAILABILITY = YES_AGGRESSIVE;
				CLANG_WARN_UNREACHABLE_CODE = YES;
				CLANG_WARN__DUPLICATE_METHOD_MATCH = YES;
				COPY_PHASE_STRIP = NO;
				DEBUG_INFORMATION_FORMAT = dwarf;
				ENABLE_STRICT_OBJC_MSGSEND = YES;
				ENABLE_TESTABILITY = YES;
				ENABLE_USER_SCRIPT_SANDBOXING = YES;
				GCC_C_LANGUAGE_STANDARD = gnu17;
				GCC_DYNAMIC_NO_PIC = NO;
				GCC_NO_COMMON_BLOCKS = YES;
				GCC_OPTIMIZATION_LEVEL = 0;
				GCC_PREPROCESSOR_DEFINITIONS = (
					"DEBUG=1",
					"$(inherited)",
				);
				GCC_WARN_64_TO_32_BIT_CONVERSION = YES;
				GCC_WARN_ABOUT_RETURN_TYPE = YES_ERROR;
				GCC_WARN_UNDECLARED_SELECTOR = YES;
				GCC_WARN_UNINITIALIZED_AUTOS = YES_AGGRESSIVE;
				GCC_WARN_UNUSED_FUNCTION = YES;
				GCC_WARN_UNUSED_VARIABLE = YES;
				IPHONEOS_DEPLOYMENT_TARGET = 17.0;
				LOCALIZATION_PREFERS_STRING_CATALOGS = YES;
				MTL_ENABLE_DEBUG_INFO = INCLUDE_SOURCE;
				MTL_FAST_MATH = YES;
				ONLY_ACTIVE_ARCH = YES;
				SDKROOT = iphoneos;
				SWIFT_ACTIVE_COMPILATION_CONDITIONS = "DEBUG $(inherited)";
				SWIFT_OPTIMIZATION_LEVEL = "-Onone";
			};
			name = Debug;
		};
		EB2FF6762AC156F5004A3D79 /* Release */ = {
			isa = XCBuildConfiguration;
			buildSettings = {
				ALWAYS_SEARCH_USER_PATHS = NO;
				ASSETCATALOG_COMPILER_GENERATE_SWIFT_ASSET_SYMBOL_EXTENSIONS = YES;
				CLANG_ANALYZER_NONNULL = YES;
				CLANG_ANALYZER_NUMBER_OBJECT_CONVERSION = YES_AGGRESSIVE;
				CLANG_CXX_LANGUAGE_STANDARD = "gnu++20";
				CLANG_ENABLE_MODULES = YES;
				CLANG_ENABLE_OBJC_ARC = YES;
				CLANG_ENABLE_OBJC_WEAK = YES;
				CLANG_WARN_BLOCK_CAPTURE_AUTORELEASING = YES;
				CLANG_WARN_BOOL_CONVERSION = YES;
				CLANG_WARN_COMMA = YES;
				CLANG_WARN_CONSTANT_CONVERSION = YES;
				CLANG_WARN_DEPRECATED_OBJC_IMPLEMENTATIONS = YES;
				CLANG_WARN_DIRECT_OBJC_ISA_USAGE = YES_ERROR;
				CLANG_WARN_DOCUMENTATION_COMMENTS = YES;
				CLANG_WARN_EMPTY_BODY = YES;
				CLANG_WARN_ENUM_CONVERSION = YES;
				CLANG_WARN_INFINITE_RECURSION = YES;
				CLANG_WARN_INT_CONVERSION = YES;
				CLANG_WARN_NON_LITERAL_NULL_CONVERSION = YES;
				CLANG_WARN_OBJC_IMPLICIT_RETAIN_SELF = YES;
				CLANG_WARN_OBJC_LITERAL_CONVERSION = YES;
				CLANG_WARN_OBJC_ROOT_CLASS = YES_ERROR;
				CLANG_WARN_QUOTED_INCLUDE_IN_FRAMEWORK_HEADER = YES;
				CLANG_WARN_RANGE_LOOP_ANALYSIS = YES;
				CLANG_WARN_STRICT_PROTOTYPES = YES;
				CLANG_WARN_SUSPICIOUS_MOVE = YES;
				CLANG_WARN_UNGUARDED_AVAILABILITY = YES_AGGRESSIVE;
				CLANG_WARN_UNREACHABLE_CODE = YES;
				CLANG_WARN__DUPLICATE_METHOD_MATCH = YES;
				COPY_PHASE_STRIP = NO;
				DEBUG_INFORMATION_FORMAT = "dwarf-with-dsym";
				ENABLE_NS_ASSERTIONS = NO;
				ENABLE_STRICT_OBJC_MSGSEND = YES;
				ENABLE_USER_SCRIPT_SANDBOXING = YES;
				GCC_C_LANGUAGE_STANDARD = gnu17;
				GCC_NO_COMMON_BLOCKS = YES;
				GCC_WARN_64_TO_32_BIT_CONVERSION = YES;
				GCC_WARN_ABOUT_RETURN_TYPE = YES_ERROR;
				GCC_WARN_UNDECLARED_SELECTOR = YES;
				GCC_WARN_UNINITIALIZED_AUTOS = YES_AGGRESSIVE;
				GCC_WARN_UNUSED_FUNCTION = YES;
				GCC_WARN_UNUSED_VARIABLE = YES;
				IPHONEOS_DEPLOYMENT_TARGET = 17.0;
				LOCALIZATION_PREFERS_STRING_CATALOGS = YES;
				MTL_ENABLE_DEBUG_INFO = NO;
				MTL_FAST_MATH = YES;
				SDKROOT = iphoneos;
				SWIFT_COMPILATION_MODE = wholemodule;
				VALIDATE_PRODUCT = YES;
			};
			name = Release;
		};
		EB2FF6782AC156F5004A3D79 /* Debug */ = {
			isa = XCBuildConfiguration;
			buildSettings = {
				ASSETCATALOG_COMPILER_APPICON_NAME = AppIcon;
				ASSETCATALOG_COMPILER_GLOBAL_ACCENT_COLOR_NAME = AccentColor;
				CODE_SIGN_STYLE = Automatic;
				CURRENT_PROJECT_VERSION = 0;
				GENERATE_INFOPLIST_FILE = YES;
				INFOPLIST_FILE = "WeatherX-Project/Info.plist";
				INFOPLIST_KEY_CFBundleDisplayName = WeatherX;
				INFOPLIST_KEY_NSLocationWhenInUseUsageDescription = "이 앱을 사용하려면 위치 권한이 필요합니다.";
				INFOPLIST_KEY_UIApplicationSupportsIndirectInputEvents = YES;
				INFOPLIST_KEY_UILaunchStoryboardName = LaunchScreen.storyboard;
				INFOPLIST_KEY_UISupportedInterfaceOrientations = UIInterfaceOrientationPortrait;
				INFOPLIST_KEY_UISupportedInterfaceOrientations_iPad = "UIInterfaceOrientationLandscapeLeft UIInterfaceOrientationLandscapeRight UIInterfaceOrientationPortrait UIInterfaceOrientationPortraitUpsideDown";
				INFOPLIST_KEY_UIUserInterfaceStyle = Light;
				IPHONEOS_DEPLOYMENT_TARGET = 15.0;
				LD_RUNPATH_SEARCH_PATHS = (
					"$(inherited)",
					"@executable_path/Frameworks",
				);
				MARKETING_VERSION = 1.0;
				PRODUCT_BUNDLE_IDENTIFIER = "com.Insu.WeatherX-Project";
				PRODUCT_NAME = "$(TARGET_NAME)";
				SUPPORTED_PLATFORMS = "iphoneos iphonesimulator";
				SUPPORTS_MACCATALYST = NO;
				SUPPORTS_MAC_DESIGNED_FOR_IPHONE_IPAD = NO;
				SWIFT_EMIT_LOC_STRINGS = YES;
				SWIFT_VERSION = 5.0;
				TARGETED_DEVICE_FAMILY = 1;
			};
			name = Debug;
		};
		EB2FF6792AC156F5004A3D79 /* Release */ = {
			isa = XCBuildConfiguration;
			buildSettings = {
				ASSETCATALOG_COMPILER_APPICON_NAME = AppIcon;
				ASSETCATALOG_COMPILER_GLOBAL_ACCENT_COLOR_NAME = AccentColor;
				CODE_SIGN_STYLE = Automatic;
				CURRENT_PROJECT_VERSION = 0;
				GENERATE_INFOPLIST_FILE = YES;
				INFOPLIST_FILE = "WeatherX-Project/Info.plist";
				INFOPLIST_KEY_CFBundleDisplayName = WeatherX;
				INFOPLIST_KEY_NSLocationWhenInUseUsageDescription = "이 앱을 사용하려면 위치 권한이 필요합니다.";
				INFOPLIST_KEY_UIApplicationSupportsIndirectInputEvents = YES;
				INFOPLIST_KEY_UILaunchStoryboardName = LaunchScreen.storyboard;
				INFOPLIST_KEY_UISupportedInterfaceOrientations = UIInterfaceOrientationPortrait;
				INFOPLIST_KEY_UISupportedInterfaceOrientations_iPad = "UIInterfaceOrientationLandscapeLeft UIInterfaceOrientationLandscapeRight UIInterfaceOrientationPortrait UIInterfaceOrientationPortraitUpsideDown";
				INFOPLIST_KEY_UIUserInterfaceStyle = Light;
				IPHONEOS_DEPLOYMENT_TARGET = 15.0;
				LD_RUNPATH_SEARCH_PATHS = (
					"$(inherited)",
					"@executable_path/Frameworks",
				);
				MARKETING_VERSION = 1.0;
				PRODUCT_BUNDLE_IDENTIFIER = "com.Insu.WeatherX-Project";
				PRODUCT_NAME = "$(TARGET_NAME)";
				SUPPORTED_PLATFORMS = "iphoneos iphonesimulator";
				SUPPORTS_MACCATALYST = NO;
				SUPPORTS_MAC_DESIGNED_FOR_IPHONE_IPAD = NO;
				SWIFT_EMIT_LOC_STRINGS = YES;
				SWIFT_VERSION = 5.0;
				TARGETED_DEVICE_FAMILY = 1;
			};
			name = Release;
		};
/* End XCBuildConfiguration section */

/* Begin XCConfigurationList section */
		EB2FF65E2AC156F3004A3D79 /* Build configuration list for PBXProject "WeatherX-Project" */ = {
			isa = XCConfigurationList;
			buildConfigurations = (
				EB2FF6752AC156F5004A3D79 /* Debug */,
				EB2FF6762AC156F5004A3D79 /* Release */,
			);
			defaultConfigurationIsVisible = 0;
			defaultConfigurationName = Release;
		};
		EB2FF6772AC156F5004A3D79 /* Build configuration list for PBXNativeTarget "WeatherX-Project" */ = {
			isa = XCConfigurationList;
			buildConfigurations = (
				EB2FF6782AC156F5004A3D79 /* Debug */,
				EB2FF6792AC156F5004A3D79 /* Release */,
			);
			defaultConfigurationIsVisible = 0;
			defaultConfigurationName = Release;
		};
/* End XCConfigurationList section */

/* Begin XCRemoteSwiftPackageReference section */
		EB2FF68D2AC15BE2004A3D79 /* XCRemoteSwiftPackageReference "SnapKit" */ = {
			isa = XCRemoteSwiftPackageReference;
			repositoryURL = "https://github.com/SnapKit/SnapKit";
			requirement = {
				kind = upToNextMajorVersion;
				minimumVersion = 5.6.0;
			};
		};
		EB2FF6922AC15BF2004A3D79 /* XCRemoteSwiftPackageReference "Then" */ = {
			isa = XCRemoteSwiftPackageReference;
			repositoryURL = "https://github.com/devxoul/Then";
			requirement = {
				kind = upToNextMajorVersion;
				minimumVersion = 3.0.0;
			};
		};
		EB2FF6952AC15C3D004A3D79 /* XCRemoteSwiftPackageReference "Kingfisher" */ = {
			isa = XCRemoteSwiftPackageReference;
			repositoryURL = "https://github.com/onevcat/Kingfisher";
			requirement = {
				kind = upToNextMajorVersion;
				minimumVersion = 7.9.1;
			};
		};
/* End XCRemoteSwiftPackageReference section */

/* Begin XCSwiftPackageProductDependency section */
		EB2FF68E2AC15BE2004A3D79 /* SnapKit */ = {
			isa = XCSwiftPackageProductDependency;
			package = EB2FF68D2AC15BE2004A3D79 /* XCRemoteSwiftPackageReference "SnapKit" */;
			productName = SnapKit;
		};
		EB2FF6932AC15BF2004A3D79 /* Then */ = {
			isa = XCSwiftPackageProductDependency;
			package = EB2FF6922AC15BF2004A3D79 /* XCRemoteSwiftPackageReference "Then" */;
			productName = Then;
		};
		EB2FF6962AC15C3D004A3D79 /* Kingfisher */ = {
			isa = XCSwiftPackageProductDependency;
			package = EB2FF6952AC15C3D004A3D79 /* XCRemoteSwiftPackageReference "Kingfisher" */;
			productName = Kingfisher;
		};
/* End XCSwiftPackageProductDependency section */
	};
	rootObject = EB2FF65B2AC156F3004A3D79 /* Project object */;
}
